// !$*UTF8*$!
{
	archiveVersion = 1;
	classes = {
	};
	objectVersion = 56;
	objects = {

/* Begin PBXBuildFile section */
		1102AE7B2B72C08100948EC3 /* TarotDetailResponseModel.swift in Sources */ = {isa = PBXBuildFile; fileRef = 1102AE7A2B72C08100948EC3 /* TarotDetailResponseModel.swift */; };
		1102AE7D2B72C7E800948EC3 /* TarotDetailUseCase.swift in Sources */ = {isa = PBXBuildFile; fileRef = 1102AE7C2B72C7E800948EC3 /* TarotDetailUseCase.swift */; };
		1102AE7F2B72C87700948EC3 /* TarotDetailManager.swift in Sources */ = {isa = PBXBuildFile; fileRef = 1102AE7E2B72C87700948EC3 /* TarotDetailManager.swift */; };
		1106A5902B59C67000DF7450 /* BirthdayViewController.swift in Sources */ = {isa = PBXBuildFile; fileRef = 1106A58F2B59C67000DF7450 /* BirthdayViewController.swift */; };
		1106A5922B59C80A00DF7450 /* Roboto in Resources */ = {isa = PBXBuildFile; fileRef = 1106A5912B59C80A00DF7450 /* Roboto */; };
		1106A5952B59CA9C00DF7450 /* ReusableButton.swift in Sources */ = {isa = PBXBuildFile; fileRef = 1106A5942B59CA9C00DF7450 /* ReusableButton.swift */; };
		1106A5982B59CEF900DF7450 /* BirthPlaceViewController.swift in Sources */ = {isa = PBXBuildFile; fileRef = 1106A5972B59CEF900DF7450 /* BirthPlaceViewController.swift */; };
		110E835E2B5146A70000D6D9 /* AppDelegate.swift in Sources */ = {isa = PBXBuildFile; fileRef = 110E835D2B5146A70000D6D9 /* AppDelegate.swift */; };
		110E83602B5146A70000D6D9 /* SceneDelegate.swift in Sources */ = {isa = PBXBuildFile; fileRef = 110E835F2B5146A70000D6D9 /* SceneDelegate.swift */; };
		110E83672B5146A80000D6D9 /* Assets.xcassets in Resources */ = {isa = PBXBuildFile; fileRef = 110E83662B5146A80000D6D9 /* Assets.xcassets */; };
		110E836A2B5146A80000D6D9 /* LaunchScreen.storyboard in Resources */ = {isa = PBXBuildFile; fileRef = 110E83682B5146A80000D6D9 /* LaunchScreen.storyboard */; };
		110E83742B514D9E0000D6D9 /* Network Manager.swift in Sources */ = {isa = PBXBuildFile; fileRef = 110E83732B514D9E0000D6D9 /* Network Manager.swift */; };
		110E83762B514DAD0000D6D9 /* Network Helper.swift in Sources */ = {isa = PBXBuildFile; fileRef = 110E83752B514DAD0000D6D9 /* Network Helper.swift */; };
		110E83792B514DC20000D6D9 /* Alamofire in Frameworks */ = {isa = PBXBuildFile; productRef = 110E83782B514DC20000D6D9 /* Alamofire */; };
		110E837C2B514DD20000D6D9 /* SDWebImage in Frameworks */ = {isa = PBXBuildFile; productRef = 110E837B2B514DD20000D6D9 /* SDWebImage */; };
		110E837E2B514DD20000D6D9 /* SDWebImageMapKit in Frameworks */ = {isa = PBXBuildFile; productRef = 110E837D2B514DD20000D6D9 /* SDWebImageMapKit */; };
		110E83812B514DE30000D6D9 /* KeychainSwift in Frameworks */ = {isa = PBXBuildFile; productRef = 110E83802B514DE30000D6D9 /* KeychainSwift */; };
		110E83842B514DF50000D6D9 /* SnapKit in Frameworks */ = {isa = PBXBuildFile; productRef = 110E83832B514DF50000D6D9 /* SnapKit */; };
		110E83862B514DF50000D6D9 /* SnapKit-Dynamic in Frameworks */ = {isa = PBXBuildFile; productRef = 110E83852B514DF50000D6D9 /* SnapKit-Dynamic */; };
		110E83902B5151110000D6D9 /* RegisterViewController.swift in Sources */ = {isa = PBXBuildFile; fileRef = 110E838F2B5151110000D6D9 /* RegisterViewController.swift */; };
		110E83922B5151300000D6D9 /* RegisterViewModel.swift in Sources */ = {isa = PBXBuildFile; fileRef = 110E83912B5151300000D6D9 /* RegisterViewModel.swift */; };
		110E83942B51514E0000D6D9 /* LoginViewController.swift in Sources */ = {isa = PBXBuildFile; fileRef = 110E83932B51514E0000D6D9 /* LoginViewController.swift */; };
		110E83962B51515E0000D6D9 /* LoginViewModel.swift in Sources */ = {isa = PBXBuildFile; fileRef = 110E83952B51515E0000D6D9 /* LoginViewModel.swift */; };
		111EA1382B6D08DC002ACF7A /* CountryModel.swift in Sources */ = {isa = PBXBuildFile; fileRef = 111EA1372B6D08DC002ACF7A /* CountryModel.swift */; };
		111EA13A2B6D0AC5002ACF7A /* CountryEndpoint.swift in Sources */ = {isa = PBXBuildFile; fileRef = 111EA1392B6D0AC5002ACF7A /* CountryEndpoint.swift */; };
		111EA13C2B6D0AF7002ACF7A /* CityEndpoint.swift in Sources */ = {isa = PBXBuildFile; fileRef = 111EA13B2B6D0AF7002ACF7A /* CityEndpoint.swift */; };
		113014662B66EACD0089E5D6 /* OTPManager.swift in Sources */ = {isa = PBXBuildFile; fileRef = 113014652B66EACD0089E5D6 /* OTPManager.swift */; };
		113014682B66EAEA0089E5D6 /* OTPUseCase.swift in Sources */ = {isa = PBXBuildFile; fileRef = 113014672B66EAEA0089E5D6 /* OTPUseCase.swift */; };
		113932C72B5EF8DC00D402BA /* TarotViewController.swift in Sources */ = {isa = PBXBuildFile; fileRef = 113932C62B5EF8DC00D402BA /* TarotViewController.swift */; };
		113932C92B5EFA5000D402BA /* OnlyImageCell.swift in Sources */ = {isa = PBXBuildFile; fileRef = 113932C82B5EFA5000D402BA /* OnlyImageCell.swift */; };
		113E4E372B68356B0033375D /* OTPResetModel.swift in Sources */ = {isa = PBXBuildFile; fileRef = 113E4E362B68356B0033375D /* OTPResetModel.swift */; };
		113E4E392B6836280033375D /* OTPResetSuccessResponseModel.swift in Sources */ = {isa = PBXBuildFile; fileRef = 113E4E382B6836280033375D /* OTPResetSuccessResponseModel.swift */; };
		113F9C962B5D1C2D0069CCC2 /* RobotoFont.swift in Sources */ = {isa = PBXBuildFile; fileRef = 113F9C952B5D1C2D0069CCC2 /* RobotoFont.swift */; };
		113F9C9A2B5D204B0069CCC2 /* FontExtension.swift in Sources */ = {isa = PBXBuildFile; fileRef = 113F9C992B5D204B0069CCC2 /* FontExtension.swift */; };
		113F9C9D2B5D22D40069CCC2 /* ColorEnum.swift in Sources */ = {isa = PBXBuildFile; fileRef = 113F9C9C2B5D22D40069CCC2 /* ColorEnum.swift */; };
		113F9C9F2B5D23180069CCC2 /* ColorExtension.swift in Sources */ = {isa = PBXBuildFile; fileRef = 113F9C9E2B5D23180069CCC2 /* ColorExtension.swift */; };
		113F9CA22B5D2E690069CCC2 /* OTPViewController.swift in Sources */ = {isa = PBXBuildFile; fileRef = 113F9CA12B5D2E690069CCC2 /* OTPViewController.swift */; };
		113F9CA52B5D39ED0069CCC2 /* UserInfoBuilder.swift in Sources */ = {isa = PBXBuildFile; fileRef = 113F9CA42B5D39ED0069CCC2 /* UserInfoBuilder.swift */; };
		113F9CA92B5D3F430069CCC2 /* HomeViewController.swift in Sources */ = {isa = PBXBuildFile; fileRef = 113F9CA82B5D3F430069CCC2 /* HomeViewController.swift */; };
		113F9CAB2B5D4AFE0069CCC2 /* LeftImageRightLabelCell.swift in Sources */ = {isa = PBXBuildFile; fileRef = 113F9CAA2B5D4AFE0069CCC2 /* LeftImageRightLabelCell.swift */; };
		114956E92B715B1C003E41D4 /* HomeUseCase.swift in Sources */ = {isa = PBXBuildFile; fileRef = 114956E82B715B1C003E41D4 /* HomeUseCase.swift */; };
		114956EE2B715B97003E41D4 /* HomeSuccessModel.swift in Sources */ = {isa = PBXBuildFile; fileRef = 114956ED2B715B97003E41D4 /* HomeSuccessModel.swift */; };
		114956F02B715D33003E41D4 /* HomeManager.swift in Sources */ = {isa = PBXBuildFile; fileRef = 114956EF2B715D33003E41D4 /* HomeManager.swift */; };
		114956F22B715DC8003E41D4 /* HomeEndpoint.swift in Sources */ = {isa = PBXBuildFile; fileRef = 114956F12B715DC8003E41D4 /* HomeEndpoint.swift */; };
		114956F42B715E41003E41D4 /* HomeViewModel.swift in Sources */ = {isa = PBXBuildFile; fileRef = 114956F32B715E41003E41D4 /* HomeViewModel.swift */; };
		114995272B6C3AFB00F44962 /* GenderViewModel.swift in Sources */ = {isa = PBXBuildFile; fileRef = 114995262B6C3AFB00F44962 /* GenderViewModel.swift */; };
		1149952C2B6C3FC100F44962 /* UploadUserDataModel.swift in Sources */ = {isa = PBXBuildFile; fileRef = 1149952B2B6C3FC100F44962 /* UploadUserDataModel.swift */; };
		1149952E2B6C407700F44962 /* UploadUseCase.swift in Sources */ = {isa = PBXBuildFile; fileRef = 1149952D2B6C407700F44962 /* UploadUseCase.swift */; };
		114995302B6C432900F44962 /* UploadManager.swift in Sources */ = {isa = PBXBuildFile; fileRef = 1149952F2B6C432900F44962 /* UploadManager.swift */; };
		114FCB4A2B6E6A1500D492F2 /* ZodiacSignInfoController.swift in Sources */ = {isa = PBXBuildFile; fileRef = 114FCB492B6E6A1500D492F2 /* ZodiacSignInfoController.swift */; };
		114FCB4E2B6E6EFF00D492F2 /* ZodiacSignInfiViewModel.swift in Sources */ = {isa = PBXBuildFile; fileRef = 114FCB4D2B6E6EFF00D492F2 /* ZodiacSignInfiViewModel.swift */; };
		1156FF2E2B64F7BB00452019 /* ErrorModel.swift in Sources */ = {isa = PBXBuildFile; fileRef = 1156FF2D2B64F7BB00452019 /* ErrorModel.swift */; };
		1156FF312B65115900452019 /* ProgressBar.swift in Sources */ = {isa = PBXBuildFile; fileRef = 1156FF302B65115900452019 /* ProgressBar.swift */; };
		1156FF342B65143F00452019 /* ProgressBarManager.swift in Sources */ = {isa = PBXBuildFile; fileRef = 1156FF332B65143F00452019 /* ProgressBarManager.swift */; };
		115D95A22B66B01F00BB80DE /* OTPViewModel.swift in Sources */ = {isa = PBXBuildFile; fileRef = 115D95A12B66B01F00BB80DE /* OTPViewModel.swift */; };
		115D95A62B66B3EA00BB80DE /* OTPResponseModel.swift in Sources */ = {isa = PBXBuildFile; fileRef = 115D95A52B66B3EA00BB80DE /* OTPResponseModel.swift */; };
		116582A92B6AB22700EF7268 /* UploadEndpoint.swift in Sources */ = {isa = PBXBuildFile; fileRef = 116582A82B6AB22700EF7268 /* UploadEndpoint.swift */; };
		1169DA482B60459700AB32AE /* CustomHeaderView.swift in Sources */ = {isa = PBXBuildFile; fileRef = 1169DA472B60459700AB32AE /* CustomHeaderView.swift */; };
		11708CFE2B63C9FA00C8DB60 /* ZodiacSignDetailViewController.swift in Sources */ = {isa = PBXBuildFile; fileRef = 11708CFD2B63C9FA00C8DB60 /* ZodiacSignDetailViewController.swift */; };
		11708D012B63CA7600C8DB60 /* YearSignDetailViewController.swift in Sources */ = {isa = PBXBuildFile; fileRef = 11708D002B63CA7600C8DB60 /* YearSignDetailViewController.swift */; };
		11708D042B63CB7900C8DB60 /* RegisterEndpoint.swift in Sources */ = {isa = PBXBuildFile; fileRef = 11708D032B63CB7900C8DB60 /* RegisterEndpoint.swift */; };
		11708D072B63CD3500C8DB60 /* YearAndZodiacSignsViewController.swift in Sources */ = {isa = PBXBuildFile; fileRef = 11708D062B63CD3500C8DB60 /* YearAndZodiacSignsViewController.swift */; };
		11708D092B63CDA700C8DB60 /* ProfileViewController.swift in Sources */ = {isa = PBXBuildFile; fileRef = 11708D082B63CDA700C8DB60 /* ProfileViewController.swift */; };
		11708D0C2B63D20E00C8DB60 /* UserInfoCell.swift in Sources */ = {isa = PBXBuildFile; fileRef = 11708D0B2B63D20E00C8DB60 /* UserInfoCell.swift */; };
		11708D102B63D77900C8DB60 /* ZodiacAndYearSignAboutCell.swift in Sources */ = {isa = PBXBuildFile; fileRef = 11708D0F2B63D77900C8DB60 /* ZodiacAndYearSignAboutCell.swift */; };
		11708D122B643A6600C8DB60 /* LoginEndpoint.swift in Sources */ = {isa = PBXBuildFile; fileRef = 11708D112B643A6600C8DB60 /* LoginEndpoint.swift */; };
		11708D152B643BF200C8DB60 /* RegisterUseCase.swift in Sources */ = {isa = PBXBuildFile; fileRef = 11708D142B643BF200C8DB60 /* RegisterUseCase.swift */; };
		11708D1A2B646B4700C8DB60 /* RegisterUserModel.swift in Sources */ = {isa = PBXBuildFile; fileRef = 11708D192B646B4700C8DB60 /* RegisterUserModel.swift */; };
		11708D1E2B646C5F00C8DB60 /* RegisterManager.swift in Sources */ = {isa = PBXBuildFile; fileRef = 11708D1D2B646C5F00C8DB60 /* RegisterManager.swift */; };
		11708D202B64710300C8DB60 /* RegisterOTPResponseModel.swift in Sources */ = {isa = PBXBuildFile; fileRef = 11708D1F2B64710300C8DB60 /* RegisterOTPResponseModel.swift */; };
		1173B4872B630DDA005ED1C5 /* TarotDetailViewController.swift in Sources */ = {isa = PBXBuildFile; fileRef = 1173B4862B630DDA005ED1C5 /* TarotDetailViewController.swift */; };
		1173B48A2B631038005ED1C5 /* DetailCell.swift in Sources */ = {isa = PBXBuildFile; fileRef = 1173B4892B631038005ED1C5 /* DetailCell.swift */; };
		1179869E2B71872C001EF473 /* ImageViewExtension.swift in Sources */ = {isa = PBXBuildFile; fileRef = 1179869D2B71872C001EF473 /* ImageViewExtension.swift */; };
		118B9F812B722A5B0012AFD7 /* HomeDetailController.swift in Sources */ = {isa = PBXBuildFile; fileRef = 118B9F802B722A5B0012AFD7 /* HomeDetailController.swift */; };
		118B9F852B722C880012AFD7 /* HomeDetailViewModel.swift in Sources */ = {isa = PBXBuildFile; fileRef = 118B9F842B722C880012AFD7 /* HomeDetailViewModel.swift */; };
		119BB3062B53DC91006445FD /* CoordinatorProtocol.swift in Sources */ = {isa = PBXBuildFile; fileRef = 119BB3052B53DC91006445FD /* CoordinatorProtocol.swift */; };
		119BB3082B53DC9D006445FD /* MainCoordinator.swift in Sources */ = {isa = PBXBuildFile; fileRef = 119BB3072B53DC9D006445FD /* MainCoordinator.swift */; };
		119BB30B2B53DDFC006445FD /* TabBarController.swift in Sources */ = {isa = PBXBuildFile; fileRef = 119BB30A2B53DDFC006445FD /* TabBarController.swift */; };
		11A2418C2B5B1475000E2CEE /* BirtdayViewControllerExtension.swift in Sources */ = {isa = PBXBuildFile; fileRef = 11A2418B2B5B1475000E2CEE /* BirtdayViewControllerExtension.swift */; };
		11A2418E2B5B1A6E000E2CEE /* Reusable View.swift in Sources */ = {isa = PBXBuildFile; fileRef = 11A2418D2B5B1A6E000E2CEE /* Reusable View.swift */; };
		11A241912B5B2195000E2CEE /* NameViewController.swift in Sources */ = {isa = PBXBuildFile; fileRef = 11A241902B5B2195000E2CEE /* NameViewController.swift */; };
		11A241942B5B2859000E2CEE /* GenderViewController.swift in Sources */ = {isa = PBXBuildFile; fileRef = 11A241932B5B2859000E2CEE /* GenderViewController.swift */; };
		11A8ACA12B6D0220008930A4 /* UploadUserSuccessModel.swift in Sources */ = {isa = PBXBuildFile; fileRef = 11A8ACA02B6D0220008930A4 /* UploadUserSuccessModel.swift */; };
		11A95BD32B725C3E008BD9FF /* RefreshTokenModel.swift in Sources */ = {isa = PBXBuildFile; fileRef = 11A95BD22B725C3E008BD9FF /* RefreshTokenModel.swift */; };
		11A95BD52B726313008BD9FF /* RefreshTokenSuccessModel.swift in Sources */ = {isa = PBXBuildFile; fileRef = 11A95BD42B726313008BD9FF /* RefreshTokenSuccessModel.swift */; };
		11A95BD72B7264AC008BD9FF /* RefreshTokenEndpoint.swift in Sources */ = {isa = PBXBuildFile; fileRef = 11A95BD62B7264AC008BD9FF /* RefreshTokenEndpoint.swift */; };
		11A95BDB2B728B4A008BD9FF /* TarotEndpoint.swift in Sources */ = {isa = PBXBuildFile; fileRef = 11A95BDA2B728B4A008BD9FF /* TarotEndpoint.swift */; };
		11A95BDD2B728BAE008BD9FF /* TarotDataModel.swift in Sources */ = {isa = PBXBuildFile; fileRef = 11A95BDC2B728BAE008BD9FF /* TarotDataModel.swift */; };
		11A95BE02B728C6F008BD9FF /* TarotViewModel.swift in Sources */ = {isa = PBXBuildFile; fileRef = 11A95BDF2B728C6F008BD9FF /* TarotViewModel.swift */; };
		11A95BE22B728CDF008BD9FF /* TarotListUseCase.swift in Sources */ = {isa = PBXBuildFile; fileRef = 11A95BE12B728CDF008BD9FF /* TarotListUseCase.swift */; };
		11A95BE42B728D30008BD9FF /* TarotListManager.swift in Sources */ = {isa = PBXBuildFile; fileRef = 11A95BE32B728D30008BD9FF /* TarotListManager.swift */; };
		11A95BE92B729F81008BD9FF /* TarotDetailViewModel.swift in Sources */ = {isa = PBXBuildFile; fileRef = 11A95BE82B729F81008BD9FF /* TarotDetailViewModel.swift */; };
		11A95BEB2B72A045008BD9FF /* TarotDetailEndpoint.swift in Sources */ = {isa = PBXBuildFile; fileRef = 11A95BEA2B72A045008BD9FF /* TarotDetailEndpoint.swift */; };
		11D7F1702B6D0D30007ABDB0 /* CountriesUseCase.swift in Sources */ = {isa = PBXBuildFile; fileRef = 11D7F16F2B6D0D30007ABDB0 /* CountriesUseCase.swift */; };
		11D7F1722B6D0E71007ABDB0 /* CountriesManager.swift in Sources */ = {isa = PBXBuildFile; fileRef = 11D7F1712B6D0E71007ABDB0 /* CountriesManager.swift */; };
		11D7F1752B6D0F09007ABDB0 /* BirthPlaceViewModel.swift in Sources */ = {isa = PBXBuildFile; fileRef = 11D7F1742B6D0F09007ABDB0 /* BirthPlaceViewModel.swift */; };
		11DA41AD2B69601100E07C63 /* LoginSuccessModel.swift in Sources */ = {isa = PBXBuildFile; fileRef = 11DA41AC2B69601100E07C63 /* LoginSuccessModel.swift */; };
		11DA41AF2B69658B00E07C63 /* LoginUseCase.swift in Sources */ = {isa = PBXBuildFile; fileRef = 11DA41AE2B69658B00E07C63 /* LoginUseCase.swift */; };
		11DA41B12B6965D200E07C63 /* LoginUserModel.swift in Sources */ = {isa = PBXBuildFile; fileRef = 11DA41B02B6965D200E07C63 /* LoginUserModel.swift */; };
		11DA41B32B69668800E07C63 /* LoginManager.swift in Sources */ = {isa = PBXBuildFile; fileRef = 11DA41B22B69668800E07C63 /* LoginManager.swift */; };
		11F6D0E12B6F9D8D006837C5 /* BirthdayViewModel.swift in Sources */ = {isa = PBXBuildFile; fileRef = 11F6D0E02B6F9D8D006837C5 /* BirthdayViewModel.swift */; };
		11F6D0E32B6FA94A006837C5 /* NameViewModel.swift in Sources */ = {isa = PBXBuildFile; fileRef = 11F6D0E22B6FA94A006837C5 /* NameViewModel.swift */; };
		11F9BF4A2B5D931D00F913F7 /* NavigationBackButton.swift in Sources */ = {isa = PBXBuildFile; fileRef = 11F9BF492B5D931D00F913F7 /* NavigationBackButton.swift */; };
		11FB140F2B6D110D004EB5CC /* CitiesUseCase.swift in Sources */ = {isa = PBXBuildFile; fileRef = 11FB140E2B6D110D004EB5CC /* CitiesUseCase.swift */; };
		11FB14112B6D1134004EB5CC /* CityManager.swift in Sources */ = {isa = PBXBuildFile; fileRef = 11FB14102B6D1134004EB5CC /* CityManager.swift */; };
		11FB14132B6D1174004EB5CC /* CityModel.swift in Sources */ = {isa = PBXBuildFile; fileRef = 11FB14122B6D1174004EB5CC /* CityModel.swift */; };
/* End PBXBuildFile section */

/* Begin PBXFileReference section */
		1102AE7A2B72C08100948EC3 /* TarotDetailResponseModel.swift */ = {isa = PBXFileReference; lastKnownFileType = sourcecode.swift; path = TarotDetailResponseModel.swift; sourceTree = "<group>"; };
		1102AE7C2B72C7E800948EC3 /* TarotDetailUseCase.swift */ = {isa = PBXFileReference; lastKnownFileType = sourcecode.swift; path = TarotDetailUseCase.swift; sourceTree = "<group>"; };
		1102AE7E2B72C87700948EC3 /* TarotDetailManager.swift */ = {isa = PBXFileReference; lastKnownFileType = sourcecode.swift; path = TarotDetailManager.swift; sourceTree = "<group>"; };
		1106A58F2B59C67000DF7450 /* BirthdayViewController.swift */ = {isa = PBXFileReference; lastKnownFileType = sourcecode.swift; path = BirthdayViewController.swift; sourceTree = "<group>"; };
		1106A5912B59C80A00DF7450 /* Roboto */ = {isa = PBXFileReference; lastKnownFileType = folder; path = Roboto; sourceTree = "<group>"; };
		1106A5942B59CA9C00DF7450 /* ReusableButton.swift */ = {isa = PBXFileReference; lastKnownFileType = sourcecode.swift; path = ReusableButton.swift; sourceTree = "<group>"; };
		1106A5972B59CEF900DF7450 /* BirthPlaceViewController.swift */ = {isa = PBXFileReference; lastKnownFileType = sourcecode.swift; path = BirthPlaceViewController.swift; sourceTree = "<group>"; };
		110E835A2B5146A70000D6D9 /* FallAppAtlProject.app */ = {isa = PBXFileReference; explicitFileType = wrapper.application; includeInIndex = 0; path = FallAppAtlProject.app; sourceTree = BUILT_PRODUCTS_DIR; };
		110E835D2B5146A70000D6D9 /* AppDelegate.swift */ = {isa = PBXFileReference; lastKnownFileType = sourcecode.swift; path = AppDelegate.swift; sourceTree = "<group>"; };
		110E835F2B5146A70000D6D9 /* SceneDelegate.swift */ = {isa = PBXFileReference; lastKnownFileType = sourcecode.swift; path = SceneDelegate.swift; sourceTree = "<group>"; };
		110E83662B5146A80000D6D9 /* Assets.xcassets */ = {isa = PBXFileReference; lastKnownFileType = folder.assetcatalog; path = Assets.xcassets; sourceTree = "<group>"; };
		110E83692B5146A80000D6D9 /* Base */ = {isa = PBXFileReference; lastKnownFileType = file.storyboard; name = Base; path = Base.lproj/LaunchScreen.storyboard; sourceTree = "<group>"; };
		110E836B2B5146A80000D6D9 /* Info.plist */ = {isa = PBXFileReference; lastKnownFileType = text.plist.xml; path = Info.plist; sourceTree = "<group>"; };
		110E83732B514D9E0000D6D9 /* Network Manager.swift */ = {isa = PBXFileReference; lastKnownFileType = sourcecode.swift; path = "Network Manager.swift"; sourceTree = "<group>"; };
		110E83752B514DAD0000D6D9 /* Network Helper.swift */ = {isa = PBXFileReference; lastKnownFileType = sourcecode.swift; path = "Network Helper.swift"; sourceTree = "<group>"; };
		110E838F2B5151110000D6D9 /* RegisterViewController.swift */ = {isa = PBXFileReference; lastKnownFileType = sourcecode.swift; path = RegisterViewController.swift; sourceTree = "<group>"; };
		110E83912B5151300000D6D9 /* RegisterViewModel.swift */ = {isa = PBXFileReference; lastKnownFileType = sourcecode.swift; path = RegisterViewModel.swift; sourceTree = "<group>"; };
		110E83932B51514E0000D6D9 /* LoginViewController.swift */ = {isa = PBXFileReference; lastKnownFileType = sourcecode.swift; path = LoginViewController.swift; sourceTree = "<group>"; };
		110E83952B51515E0000D6D9 /* LoginViewModel.swift */ = {isa = PBXFileReference; lastKnownFileType = sourcecode.swift; path = LoginViewModel.swift; sourceTree = "<group>"; };
		111EA1372B6D08DC002ACF7A /* CountryModel.swift */ = {isa = PBXFileReference; lastKnownFileType = sourcecode.swift; path = CountryModel.swift; sourceTree = "<group>"; };
		111EA1392B6D0AC5002ACF7A /* CountryEndpoint.swift */ = {isa = PBXFileReference; lastKnownFileType = sourcecode.swift; path = CountryEndpoint.swift; sourceTree = "<group>"; };
		111EA13B2B6D0AF7002ACF7A /* CityEndpoint.swift */ = {isa = PBXFileReference; lastKnownFileType = sourcecode.swift; path = CityEndpoint.swift; sourceTree = "<group>"; };
		113014652B66EACD0089E5D6 /* OTPManager.swift */ = {isa = PBXFileReference; lastKnownFileType = sourcecode.swift; path = OTPManager.swift; sourceTree = "<group>"; };
		113014672B66EAEA0089E5D6 /* OTPUseCase.swift */ = {isa = PBXFileReference; lastKnownFileType = sourcecode.swift; path = OTPUseCase.swift; sourceTree = "<group>"; };
		113932C62B5EF8DC00D402BA /* TarotViewController.swift */ = {isa = PBXFileReference; lastKnownFileType = sourcecode.swift; path = TarotViewController.swift; sourceTree = "<group>"; };
		113932C82B5EFA5000D402BA /* OnlyImageCell.swift */ = {isa = PBXFileReference; lastKnownFileType = sourcecode.swift; path = OnlyImageCell.swift; sourceTree = "<group>"; };
		113E4E362B68356B0033375D /* OTPResetModel.swift */ = {isa = PBXFileReference; lastKnownFileType = sourcecode.swift; path = OTPResetModel.swift; sourceTree = "<group>"; };
		113E4E382B6836280033375D /* OTPResetSuccessResponseModel.swift */ = {isa = PBXFileReference; lastKnownFileType = sourcecode.swift; path = OTPResetSuccessResponseModel.swift; sourceTree = "<group>"; };
		113F9C952B5D1C2D0069CCC2 /* RobotoFont.swift */ = {isa = PBXFileReference; lastKnownFileType = sourcecode.swift; path = RobotoFont.swift; sourceTree = "<group>"; };
		113F9C992B5D204B0069CCC2 /* FontExtension.swift */ = {isa = PBXFileReference; lastKnownFileType = sourcecode.swift; path = FontExtension.swift; sourceTree = "<group>"; };
		113F9C9C2B5D22D40069CCC2 /* ColorEnum.swift */ = {isa = PBXFileReference; lastKnownFileType = sourcecode.swift; path = ColorEnum.swift; sourceTree = "<group>"; };
		113F9C9E2B5D23180069CCC2 /* ColorExtension.swift */ = {isa = PBXFileReference; lastKnownFileType = sourcecode.swift; path = ColorExtension.swift; sourceTree = "<group>"; };
		113F9CA12B5D2E690069CCC2 /* OTPViewController.swift */ = {isa = PBXFileReference; lastKnownFileType = sourcecode.swift; path = OTPViewController.swift; sourceTree = "<group>"; };
		113F9CA42B5D39ED0069CCC2 /* UserInfoBuilder.swift */ = {isa = PBXFileReference; lastKnownFileType = sourcecode.swift; path = UserInfoBuilder.swift; sourceTree = "<group>"; };
		113F9CA82B5D3F430069CCC2 /* HomeViewController.swift */ = {isa = PBXFileReference; lastKnownFileType = sourcecode.swift; path = HomeViewController.swift; sourceTree = "<group>"; };
		113F9CAA2B5D4AFE0069CCC2 /* LeftImageRightLabelCell.swift */ = {isa = PBXFileReference; lastKnownFileType = sourcecode.swift; path = LeftImageRightLabelCell.swift; sourceTree = "<group>"; };
		114956E82B715B1C003E41D4 /* HomeUseCase.swift */ = {isa = PBXFileReference; lastKnownFileType = sourcecode.swift; path = HomeUseCase.swift; sourceTree = "<group>"; };
		114956ED2B715B97003E41D4 /* HomeSuccessModel.swift */ = {isa = PBXFileReference; lastKnownFileType = sourcecode.swift; path = HomeSuccessModel.swift; sourceTree = "<group>"; };
		114956EF2B715D33003E41D4 /* HomeManager.swift */ = {isa = PBXFileReference; lastKnownFileType = sourcecode.swift; path = HomeManager.swift; sourceTree = "<group>"; };
		114956F12B715DC8003E41D4 /* HomeEndpoint.swift */ = {isa = PBXFileReference; lastKnownFileType = sourcecode.swift; path = HomeEndpoint.swift; sourceTree = "<group>"; };
		114956F32B715E41003E41D4 /* HomeViewModel.swift */ = {isa = PBXFileReference; lastKnownFileType = sourcecode.swift; path = HomeViewModel.swift; sourceTree = "<group>"; };
		114995262B6C3AFB00F44962 /* GenderViewModel.swift */ = {isa = PBXFileReference; lastKnownFileType = sourcecode.swift; path = GenderViewModel.swift; sourceTree = "<group>"; };
		1149952B2B6C3FC100F44962 /* UploadUserDataModel.swift */ = {isa = PBXFileReference; lastKnownFileType = sourcecode.swift; path = UploadUserDataModel.swift; sourceTree = "<group>"; };
		1149952D2B6C407700F44962 /* UploadUseCase.swift */ = {isa = PBXFileReference; lastKnownFileType = sourcecode.swift; path = UploadUseCase.swift; sourceTree = "<group>"; };
		1149952F2B6C432900F44962 /* UploadManager.swift */ = {isa = PBXFileReference; lastKnownFileType = sourcecode.swift; path = UploadManager.swift; sourceTree = "<group>"; };
		114FCB492B6E6A1500D492F2 /* ZodiacSignInfoController.swift */ = {isa = PBXFileReference; lastKnownFileType = sourcecode.swift; path = ZodiacSignInfoController.swift; sourceTree = "<group>"; };
		114FCB4D2B6E6EFF00D492F2 /* ZodiacSignInfiViewModel.swift */ = {isa = PBXFileReference; lastKnownFileType = sourcecode.swift; path = ZodiacSignInfiViewModel.swift; sourceTree = "<group>"; };
		1156FF2D2B64F7BB00452019 /* ErrorModel.swift */ = {isa = PBXFileReference; lastKnownFileType = sourcecode.swift; path = ErrorModel.swift; sourceTree = "<group>"; };
		1156FF302B65115900452019 /* ProgressBar.swift */ = {isa = PBXFileReference; lastKnownFileType = sourcecode.swift; path = ProgressBar.swift; sourceTree = "<group>"; };
		1156FF332B65143F00452019 /* ProgressBarManager.swift */ = {isa = PBXFileReference; lastKnownFileType = sourcecode.swift; path = ProgressBarManager.swift; sourceTree = "<group>"; };
		115D95A12B66B01F00BB80DE /* OTPViewModel.swift */ = {isa = PBXFileReference; lastKnownFileType = sourcecode.swift; path = OTPViewModel.swift; sourceTree = "<group>"; };
		115D95A52B66B3EA00BB80DE /* OTPResponseModel.swift */ = {isa = PBXFileReference; lastKnownFileType = sourcecode.swift; path = OTPResponseModel.swift; sourceTree = "<group>"; };
		116582A82B6AB22700EF7268 /* UploadEndpoint.swift */ = {isa = PBXFileReference; lastKnownFileType = sourcecode.swift; path = UploadEndpoint.swift; sourceTree = "<group>"; };
		1169DA472B60459700AB32AE /* CustomHeaderView.swift */ = {isa = PBXFileReference; lastKnownFileType = sourcecode.swift; path = CustomHeaderView.swift; sourceTree = "<group>"; };
		11708CFD2B63C9FA00C8DB60 /* ZodiacSignDetailViewController.swift */ = {isa = PBXFileReference; lastKnownFileType = sourcecode.swift; path = ZodiacSignDetailViewController.swift; sourceTree = "<group>"; };
		11708D002B63CA7600C8DB60 /* YearSignDetailViewController.swift */ = {isa = PBXFileReference; lastKnownFileType = sourcecode.swift; path = YearSignDetailViewController.swift; sourceTree = "<group>"; };
		11708D032B63CB7900C8DB60 /* RegisterEndpoint.swift */ = {isa = PBXFileReference; lastKnownFileType = sourcecode.swift; path = RegisterEndpoint.swift; sourceTree = "<group>"; };
		11708D062B63CD3500C8DB60 /* YearAndZodiacSignsViewController.swift */ = {isa = PBXFileReference; lastKnownFileType = sourcecode.swift; path = YearAndZodiacSignsViewController.swift; sourceTree = "<group>"; };
		11708D082B63CDA700C8DB60 /* ProfileViewController.swift */ = {isa = PBXFileReference; lastKnownFileType = sourcecode.swift; path = ProfileViewController.swift; sourceTree = "<group>"; };
		11708D0B2B63D20E00C8DB60 /* UserInfoCell.swift */ = {isa = PBXFileReference; lastKnownFileType = sourcecode.swift; path = UserInfoCell.swift; sourceTree = "<group>"; };
		11708D0F2B63D77900C8DB60 /* ZodiacAndYearSignAboutCell.swift */ = {isa = PBXFileReference; lastKnownFileType = sourcecode.swift; path = ZodiacAndYearSignAboutCell.swift; sourceTree = "<group>"; };
		11708D112B643A6600C8DB60 /* LoginEndpoint.swift */ = {isa = PBXFileReference; lastKnownFileType = sourcecode.swift; path = LoginEndpoint.swift; sourceTree = "<group>"; };
		11708D142B643BF200C8DB60 /* RegisterUseCase.swift */ = {isa = PBXFileReference; lastKnownFileType = sourcecode.swift; path = RegisterUseCase.swift; sourceTree = "<group>"; };
		11708D192B646B4700C8DB60 /* RegisterUserModel.swift */ = {isa = PBXFileReference; lastKnownFileType = sourcecode.swift; path = RegisterUserModel.swift; sourceTree = "<group>"; };
		11708D1D2B646C5F00C8DB60 /* RegisterManager.swift */ = {isa = PBXFileReference; lastKnownFileType = sourcecode.swift; path = RegisterManager.swift; sourceTree = "<group>"; };
		11708D1F2B64710300C8DB60 /* RegisterOTPResponseModel.swift */ = {isa = PBXFileReference; lastKnownFileType = sourcecode.swift; path = RegisterOTPResponseModel.swift; sourceTree = "<group>"; };
		1173B4862B630DDA005ED1C5 /* TarotDetailViewController.swift */ = {isa = PBXFileReference; lastKnownFileType = sourcecode.swift; path = TarotDetailViewController.swift; sourceTree = "<group>"; };
		1173B4892B631038005ED1C5 /* DetailCell.swift */ = {isa = PBXFileReference; lastKnownFileType = sourcecode.swift; path = DetailCell.swift; sourceTree = "<group>"; };
		1179869D2B71872C001EF473 /* ImageViewExtension.swift */ = {isa = PBXFileReference; lastKnownFileType = sourcecode.swift; path = ImageViewExtension.swift; sourceTree = "<group>"; };
		118B9F802B722A5B0012AFD7 /* HomeDetailController.swift */ = {isa = PBXFileReference; lastKnownFileType = sourcecode.swift; path = HomeDetailController.swift; sourceTree = "<group>"; };
		118B9F842B722C880012AFD7 /* HomeDetailViewModel.swift */ = {isa = PBXFileReference; lastKnownFileType = sourcecode.swift; path = HomeDetailViewModel.swift; sourceTree = "<group>"; };
		119BB3052B53DC91006445FD /* CoordinatorProtocol.swift */ = {isa = PBXFileReference; lastKnownFileType = sourcecode.swift; path = CoordinatorProtocol.swift; sourceTree = "<group>"; };
		119BB3072B53DC9D006445FD /* MainCoordinator.swift */ = {isa = PBXFileReference; lastKnownFileType = sourcecode.swift; path = MainCoordinator.swift; sourceTree = "<group>"; };
		119BB30A2B53DDFC006445FD /* TabBarController.swift */ = {isa = PBXFileReference; lastKnownFileType = sourcecode.swift; path = TabBarController.swift; sourceTree = "<group>"; };
		11A2418B2B5B1475000E2CEE /* BirtdayViewControllerExtension.swift */ = {isa = PBXFileReference; lastKnownFileType = sourcecode.swift; path = BirtdayViewControllerExtension.swift; sourceTree = "<group>"; };
		11A2418D2B5B1A6E000E2CEE /* Reusable View.swift */ = {isa = PBXFileReference; lastKnownFileType = sourcecode.swift; path = "Reusable View.swift"; sourceTree = "<group>"; };
		11A241902B5B2195000E2CEE /* NameViewController.swift */ = {isa = PBXFileReference; lastKnownFileType = sourcecode.swift; path = NameViewController.swift; sourceTree = "<group>"; };
		11A241932B5B2859000E2CEE /* GenderViewController.swift */ = {isa = PBXFileReference; lastKnownFileType = sourcecode.swift; path = GenderViewController.swift; sourceTree = "<group>"; };
		11A8ACA02B6D0220008930A4 /* UploadUserSuccessModel.swift */ = {isa = PBXFileReference; lastKnownFileType = sourcecode.swift; path = UploadUserSuccessModel.swift; sourceTree = "<group>"; };
		11A95BD22B725C3E008BD9FF /* RefreshTokenModel.swift */ = {isa = PBXFileReference; lastKnownFileType = sourcecode.swift; path = RefreshTokenModel.swift; sourceTree = "<group>"; };
		11A95BD42B726313008BD9FF /* RefreshTokenSuccessModel.swift */ = {isa = PBXFileReference; lastKnownFileType = sourcecode.swift; path = RefreshTokenSuccessModel.swift; sourceTree = "<group>"; };
		11A95BD62B7264AC008BD9FF /* RefreshTokenEndpoint.swift */ = {isa = PBXFileReference; lastKnownFileType = sourcecode.swift; path = RefreshTokenEndpoint.swift; sourceTree = "<group>"; };
		11A95BDA2B728B4A008BD9FF /* TarotEndpoint.swift */ = {isa = PBXFileReference; lastKnownFileType = sourcecode.swift; path = TarotEndpoint.swift; sourceTree = "<group>"; };
		11A95BDC2B728BAE008BD9FF /* TarotDataModel.swift */ = {isa = PBXFileReference; lastKnownFileType = sourcecode.swift; path = TarotDataModel.swift; sourceTree = "<group>"; };
		11A95BDF2B728C6F008BD9FF /* TarotViewModel.swift */ = {isa = PBXFileReference; lastKnownFileType = sourcecode.swift; path = TarotViewModel.swift; sourceTree = "<group>"; };
		11A95BE12B728CDF008BD9FF /* TarotListUseCase.swift */ = {isa = PBXFileReference; lastKnownFileType = sourcecode.swift; path = TarotListUseCase.swift; sourceTree = "<group>"; };
		11A95BE32B728D30008BD9FF /* TarotListManager.swift */ = {isa = PBXFileReference; lastKnownFileType = sourcecode.swift; path = TarotListManager.swift; sourceTree = "<group>"; };
		11A95BE82B729F81008BD9FF /* TarotDetailViewModel.swift */ = {isa = PBXFileReference; lastKnownFileType = sourcecode.swift; path = TarotDetailViewModel.swift; sourceTree = "<group>"; };
		11A95BEA2B72A045008BD9FF /* TarotDetailEndpoint.swift */ = {isa = PBXFileReference; lastKnownFileType = sourcecode.swift; path = TarotDetailEndpoint.swift; sourceTree = "<group>"; };
		11D7F16F2B6D0D30007ABDB0 /* CountriesUseCase.swift */ = {isa = PBXFileReference; lastKnownFileType = sourcecode.swift; path = CountriesUseCase.swift; sourceTree = "<group>"; };
		11D7F1712B6D0E71007ABDB0 /* CountriesManager.swift */ = {isa = PBXFileReference; lastKnownFileType = sourcecode.swift; path = CountriesManager.swift; sourceTree = "<group>"; };
		11D7F1742B6D0F09007ABDB0 /* BirthPlaceViewModel.swift */ = {isa = PBXFileReference; lastKnownFileType = sourcecode.swift; path = BirthPlaceViewModel.swift; sourceTree = "<group>"; };
		11DA41AC2B69601100E07C63 /* LoginSuccessModel.swift */ = {isa = PBXFileReference; lastKnownFileType = sourcecode.swift; path = LoginSuccessModel.swift; sourceTree = "<group>"; };
		11DA41AE2B69658B00E07C63 /* LoginUseCase.swift */ = {isa = PBXFileReference; lastKnownFileType = sourcecode.swift; path = LoginUseCase.swift; sourceTree = "<group>"; };
		11DA41B02B6965D200E07C63 /* LoginUserModel.swift */ = {isa = PBXFileReference; lastKnownFileType = sourcecode.swift; path = LoginUserModel.swift; sourceTree = "<group>"; };
		11DA41B22B69668800E07C63 /* LoginManager.swift */ = {isa = PBXFileReference; lastKnownFileType = sourcecode.swift; path = LoginManager.swift; sourceTree = "<group>"; };
		11F6D0E02B6F9D8D006837C5 /* BirthdayViewModel.swift */ = {isa = PBXFileReference; lastKnownFileType = sourcecode.swift; path = BirthdayViewModel.swift; sourceTree = "<group>"; };
		11F6D0E22B6FA94A006837C5 /* NameViewModel.swift */ = {isa = PBXFileReference; lastKnownFileType = sourcecode.swift; path = NameViewModel.swift; sourceTree = "<group>"; };
		11F9BF492B5D931D00F913F7 /* NavigationBackButton.swift */ = {isa = PBXFileReference; lastKnownFileType = sourcecode.swift; path = NavigationBackButton.swift; sourceTree = "<group>"; };
		11FB140E2B6D110D004EB5CC /* CitiesUseCase.swift */ = {isa = PBXFileReference; lastKnownFileType = sourcecode.swift; path = CitiesUseCase.swift; sourceTree = "<group>"; };
		11FB14102B6D1134004EB5CC /* CityManager.swift */ = {isa = PBXFileReference; lastKnownFileType = sourcecode.swift; path = CityManager.swift; sourceTree = "<group>"; };
		11FB14122B6D1174004EB5CC /* CityModel.swift */ = {isa = PBXFileReference; lastKnownFileType = sourcecode.swift; path = CityModel.swift; sourceTree = "<group>"; };
/* End PBXFileReference section */

/* Begin PBXFrameworksBuildPhase section */
		110E83572B5146A70000D6D9 /* Frameworks */ = {
			isa = PBXFrameworksBuildPhase;
			buildActionMask = 2147483647;
			files = (
				110E837C2B514DD20000D6D9 /* SDWebImage in Frameworks */,
				110E837E2B514DD20000D6D9 /* SDWebImageMapKit in Frameworks */,
				110E83812B514DE30000D6D9 /* KeychainSwift in Frameworks */,
				110E83792B514DC20000D6D9 /* Alamofire in Frameworks */,
				110E83842B514DF50000D6D9 /* SnapKit in Frameworks */,
				110E83862B514DF50000D6D9 /* SnapKit-Dynamic in Frameworks */,
			);
			runOnlyForDeploymentPostprocessing = 0;
		};
/* End PBXFrameworksBuildPhase section */

/* Begin PBXGroup section */
		1106A58E2B59C54C00DF7450 /* Birthday screen */ = {
			isa = PBXGroup;
			children = (
				1106A58F2B59C67000DF7450 /* BirthdayViewController.swift */,
				11F6D0E02B6F9D8D006837C5 /* BirthdayViewModel.swift */,
			);
			path = "Birthday screen";
			sourceTree = "<group>";
		};
		1106A5932B59CA7C00DF7450 /* Custom Views */ = {
			isa = PBXGroup;
			children = (
				1106A5942B59CA9C00DF7450 /* ReusableButton.swift */,
				11A2418D2B5B1A6E000E2CEE /* Reusable View.swift */,
			);
			path = "Custom Views";
			sourceTree = "<group>";
		};
		1106A5962B59CECF00DF7450 /* Birthplace screen */ = {
			isa = PBXGroup;
			children = (
				11D7F1732B6D0EEF007ABDB0 /* View Model */,
				111EA1362B6D08CB002ACF7A /* Model */,
				111EA1352B6D08B4002ACF7A /* View */,
			);
			path = "Birthplace screen";
			sourceTree = "<group>";
		};
		110E83512B5146A70000D6D9 = {
			isa = PBXGroup;
			children = (
				110E835C2B5146A70000D6D9 /* FallAppAtlProject */,
				110E835B2B5146A70000D6D9 /* Products */,
			);
			sourceTree = "<group>";
		};
		110E835B2B5146A70000D6D9 /* Products */ = {
			isa = PBXGroup;
			children = (
				110E835A2B5146A70000D6D9 /* FallAppAtlProject.app */,
			);
			name = Products;
			sourceTree = "<group>";
		};
		110E835C2B5146A70000D6D9 /* FallAppAtlProject */ = {
			isa = PBXGroup;
			children = (
				110E835D2B5146A70000D6D9 /* AppDelegate.swift */,
				110E835F2B5146A70000D6D9 /* SceneDelegate.swift */,
				110E83892B5150700000D6D9 /* Managers */,
				110E83712B514D3E0000D6D9 /* NetworkManager */,
				113F9C972B5D20020069CCC2 /* Extensions */,
				1106A5932B59CA7C00DF7450 /* Custom Views */,
				119BB3092B53DD74006445FD /* TabBar setup */,
				119BB3042B53DC7F006445FD /* Coordinator */,
				110E838C2B5150D90000D6D9 /* Scenes */,
				110E838A2B5150900000D6D9 /* Models */,
				110E83662B5146A80000D6D9 /* Assets.xcassets */,
				110E83682B5146A80000D6D9 /* LaunchScreen.storyboard */,
				110E836B2B5146A80000D6D9 /* Info.plist */,
				1106A5912B59C80A00DF7450 /* Roboto */,
			);
			path = FallAppAtlProject;
			sourceTree = "<group>";
		};
		110E83712B514D3E0000D6D9 /* NetworkManager */ = {
			isa = PBXGroup;
			children = (
				110E83722B514D4A0000D6D9 /* Core */,
				110E83882B514FFE0000D6D9 /* Endpoints */,
				11708D132B643BCF00C8DB60 /* UseCases */,
			);
			path = NetworkManager;
			sourceTree = "<group>";
		};
		110E83722B514D4A0000D6D9 /* Core */ = {
			isa = PBXGroup;
			children = (
				110E83732B514D9E0000D6D9 /* Network Manager.swift */,
				110E83752B514DAD0000D6D9 /* Network Helper.swift */,
				1156FF2D2B64F7BB00452019 /* ErrorModel.swift */,
				11A95BD22B725C3E008BD9FF /* RefreshTokenModel.swift */,
				11A95BD42B726313008BD9FF /* RefreshTokenSuccessModel.swift */,
			);
			path = Core;
			sourceTree = "<group>";
		};
		110E83882B514FFE0000D6D9 /* Endpoints */ = {
			isa = PBXGroup;
			children = (
				11708D032B63CB7900C8DB60 /* RegisterEndpoint.swift */,
				11708D112B643A6600C8DB60 /* LoginEndpoint.swift */,
				116582A82B6AB22700EF7268 /* UploadEndpoint.swift */,
				111EA1392B6D0AC5002ACF7A /* CountryEndpoint.swift */,
				111EA13B2B6D0AF7002ACF7A /* CityEndpoint.swift */,
				114956F12B715DC8003E41D4 /* HomeEndpoint.swift */,
				11A95BD62B7264AC008BD9FF /* RefreshTokenEndpoint.swift */,
				11A95BDA2B728B4A008BD9FF /* TarotEndpoint.swift */,
				11A95BEA2B72A045008BD9FF /* TarotDetailEndpoint.swift */,
			);
			path = Endpoints;
			sourceTree = "<group>";
		};
		110E83892B5150700000D6D9 /* Managers */ = {
			isa = PBXGroup;
			children = (
				11708D1D2B646C5F00C8DB60 /* RegisterManager.swift */,
				113014652B66EACD0089E5D6 /* OTPManager.swift */,
				11DA41B22B69668800E07C63 /* LoginManager.swift */,
				1149952F2B6C432900F44962 /* UploadManager.swift */,
				11D7F1712B6D0E71007ABDB0 /* CountriesManager.swift */,
				11FB14102B6D1134004EB5CC /* CityManager.swift */,
				114956EF2B715D33003E41D4 /* HomeManager.swift */,
				11A95BE32B728D30008BD9FF /* TarotListManager.swift */,
				1102AE7E2B72C87700948EC3 /* TarotDetailManager.swift */,
			);
			path = Managers;
			sourceTree = "<group>";
		};
		110E838A2B5150900000D6D9 /* Models */ = {
			isa = PBXGroup;
			children = (
			);
			path = Models;
			sourceTree = "<group>";
		};
		110E838C2B5150D90000D6D9 /* Scenes */ = {
			isa = PBXGroup;
			children = (
				1169DA462B6044D000AB32AE /* Header */,
				113F9CAC2B5D4B0F0069CCC2 /* Cell */,
				110E838E2B5150FB0000D6D9 /* Login screen */,
				110E838D2B5150E00000D6D9 /* Register screen */,
				113F9CA02B5D2E4B0069CCC2 /* OTP screen */,
				113F9CA32B5D39610069CCC2 /* Users Data Flow */,
				113F9CA72B5D3F310069CCC2 /* Home screen */,
				118B9F7F2B7229FE0012AFD7 /* Home Detail screen */,
				113932C52B5EF8BE00D402BA /* Tarot List screen */,
				1173B4882B630DE7005ED1C5 /* Tarot Detail screen */,
				11708D052B63CCC100C8DB60 /* Year and Zodiac signs collection screen */,
				11708CFF2B63CA0000C8DB60 /* Zodiac sign Detail screen */,
				11708D022B63CA7B00C8DB60 /* Year sign Detail screen */,
				11708D0A2B63CE3A00C8DB60 /* Profile screen */,
			);
			path = Scenes;
			sourceTree = "<group>";
		};
		110E838D2B5150E00000D6D9 /* Register screen */ = {
			isa = PBXGroup;
			children = (
				11708D182B646B2F00C8DB60 /* Model */,
				11708D1B2B646BB800C8DB60 /* View */,
				11708D1C2B646BD500C8DB60 /* View Model */,
			);
			path = "Register screen";
			sourceTree = "<group>";
		};
		110E838E2B5150FB0000D6D9 /* Login screen */ = {
			isa = PBXGroup;
			children = (
				11DA41A92B695FF100E07C63 /* View */,
				11DA41AA2B695FF900E07C63 /* View Model */,
				11DA41AB2B69600400E07C63 /* Model */,
			);
			path = "Login screen";
			sourceTree = "<group>";
		};
		111EA1352B6D08B4002ACF7A /* View */ = {
			isa = PBXGroup;
			children = (
				1106A5972B59CEF900DF7450 /* BirthPlaceViewController.swift */,
				11A2418B2B5B1475000E2CEE /* BirtdayViewControllerExtension.swift */,
			);
			path = View;
			sourceTree = "<group>";
		};
		111EA1362B6D08CB002ACF7A /* Model */ = {
			isa = PBXGroup;
			children = (
				111EA1372B6D08DC002ACF7A /* CountryModel.swift */,
				11FB14122B6D1174004EB5CC /* CityModel.swift */,
			);
			path = Model;
			sourceTree = "<group>";
		};
		113932C52B5EF8BE00D402BA /* Tarot List screen */ = {
			isa = PBXGroup;
			children = (
				11A95BD92B728B24008BD9FF /* View Model */,
				11A95BD82B728B12008BD9FF /* View */,
				11A95BDE2B728BBB008BD9FF /* Model */,
			);
			path = "Tarot List screen";
			sourceTree = "<group>";
		};
		113F9C972B5D20020069CCC2 /* Extensions */ = {
			isa = PBXGroup;
			children = (
				1179869C2B7186F2001EF473 /* Image */,
				1156FF2F2B65112D00452019 /* Navigation Controller */,
				11F9BF482B5D92EC00F913F7 /* View Controller */,
				113F9C9B2B5D22B00069CCC2 /* Colors */,
				113F9C982B5D200B0069CCC2 /* Roboto Font */,
			);
			path = Extensions;
			sourceTree = "<group>";
		};
		113F9C982B5D200B0069CCC2 /* Roboto Font */ = {
			isa = PBXGroup;
			children = (
				113F9C952B5D1C2D0069CCC2 /* RobotoFont.swift */,
				113F9C992B5D204B0069CCC2 /* FontExtension.swift */,
			);
			path = "Roboto Font";
			sourceTree = "<group>";
		};
		113F9C9B2B5D22B00069CCC2 /* Colors */ = {
			isa = PBXGroup;
			children = (
				113F9C9C2B5D22D40069CCC2 /* ColorEnum.swift */,
				113F9C9E2B5D23180069CCC2 /* ColorExtension.swift */,
			);
			path = Colors;
			sourceTree = "<group>";
		};
		113F9CA02B5D2E4B0069CCC2 /* OTP screen */ = {
			isa = PBXGroup;
			children = (
				115D95A32B66B3CB00BB80DE /* View */,
				115D95A42B66B3D300BB80DE /* View Model */,
				115D95A72B66B3F200BB80DE /* Model */,
			);
			path = "OTP screen";
			sourceTree = "<group>";
		};
		113F9CA32B5D39610069CCC2 /* Users Data Flow */ = {
			isa = PBXGroup;
			children = (
				1156FF322B65142F00452019 /* Progress Bar Manager */,
				1106A58E2B59C54C00DF7450 /* Birthday screen */,
				1106A5962B59CECF00DF7450 /* Birthplace screen */,
				11A2418F2B5B217B000E2CEE /* Name screen */,
				11A241922B5B27A4000E2CEE /* Gender screen */,
				114FCB482B6E69D600D492F2 /* Zodian Sign Info screen */,
				1149952A2B6C3F8500F44962 /* Model */,
				113F9CA62B5D39F40069CCC2 /* Builder */,
			);
			path = "Users Data Flow";
			sourceTree = "<group>";
		};
		113F9CA62B5D39F40069CCC2 /* Builder */ = {
			isa = PBXGroup;
			children = (
				113F9CA42B5D39ED0069CCC2 /* UserInfoBuilder.swift */,
			);
			path = Builder;
			sourceTree = "<group>";
		};
		113F9CA72B5D3F310069CCC2 /* Home screen */ = {
			isa = PBXGroup;
			children = (
				114956EC2B715B78003E41D4 /* Model */,
				114956EB2B715B71003E41D4 /* View Model */,
				114956EA2B715B6C003E41D4 /* View */,
			);
			path = "Home screen";
			sourceTree = "<group>";
		};
		113F9CAC2B5D4B0F0069CCC2 /* Cell */ = {
			isa = PBXGroup;
			children = (
				113F9CAA2B5D4AFE0069CCC2 /* LeftImageRightLabelCell.swift */,
				113932C82B5EFA5000D402BA /* OnlyImageCell.swift */,
				1173B4892B631038005ED1C5 /* DetailCell.swift */,
			);
			path = Cell;
			sourceTree = "<group>";
		};
		114956EA2B715B6C003E41D4 /* View */ = {
			isa = PBXGroup;
			children = (
				113F9CA82B5D3F430069CCC2 /* HomeViewController.swift */,
			);
			path = View;
			sourceTree = "<group>";
		};
		114956EB2B715B71003E41D4 /* View Model */ = {
			isa = PBXGroup;
			children = (
				114956F32B715E41003E41D4 /* HomeViewModel.swift */,
			);
			path = "View Model";
			sourceTree = "<group>";
		};
		114956EC2B715B78003E41D4 /* Model */ = {
			isa = PBXGroup;
			children = (
				114956ED2B715B97003E41D4 /* HomeSuccessModel.swift */,
			);
			path = Model;
			sourceTree = "<group>";
		};
		114995282B6C3F3E00F44962 /* View */ = {
			isa = PBXGroup;
			children = (
				11A241932B5B2859000E2CEE /* GenderViewController.swift */,
			);
			path = View;
			sourceTree = "<group>";
		};
		114995292B6C3F4700F44962 /* View Model */ = {
			isa = PBXGroup;
			children = (
				114995262B6C3AFB00F44962 /* GenderViewModel.swift */,
			);
			path = "View Model";
			sourceTree = "<group>";
		};
		1149952A2B6C3F8500F44962 /* Model */ = {
			isa = PBXGroup;
			children = (
				1149952B2B6C3FC100F44962 /* UploadUserDataModel.swift */,
				11A8ACA02B6D0220008930A4 /* UploadUserSuccessModel.swift */,
			);
			path = Model;
			sourceTree = "<group>";
		};
		114FCB482B6E69D600D492F2 /* Zodian Sign Info screen */ = {
			isa = PBXGroup;
			children = (
				114FCB4C2B6E6EEB00D492F2 /* View Model */,
				114FCB4B2B6E6EE500D492F2 /* View */,
			);
			path = "Zodian Sign Info screen";
			sourceTree = "<group>";
		};
		114FCB4B2B6E6EE500D492F2 /* View */ = {
			isa = PBXGroup;
			children = (
				114FCB492B6E6A1500D492F2 /* ZodiacSignInfoController.swift */,
			);
			path = View;
			sourceTree = "<group>";
		};
		114FCB4C2B6E6EEB00D492F2 /* View Model */ = {
			isa = PBXGroup;
			children = (
				114FCB4D2B6E6EFF00D492F2 /* ZodiacSignInfiViewModel.swift */,
			);
			path = "View Model";
			sourceTree = "<group>";
		};
		1156FF2F2B65112D00452019 /* Navigation Controller */ = {
			isa = PBXGroup;
			children = (
				1156FF302B65115900452019 /* ProgressBar.swift */,
			);
			path = "Navigation Controller";
			sourceTree = "<group>";
		};
		1156FF322B65142F00452019 /* Progress Bar Manager */ = {
			isa = PBXGroup;
			children = (
				1156FF332B65143F00452019 /* ProgressBarManager.swift */,
			);
			path = "Progress Bar Manager";
			sourceTree = "<group>";
		};
		115D95A32B66B3CB00BB80DE /* View */ = {
			isa = PBXGroup;
			children = (
				113F9CA12B5D2E690069CCC2 /* OTPViewController.swift */,
			);
			path = View;
			sourceTree = "<group>";
		};
		115D95A42B66B3D300BB80DE /* View Model */ = {
			isa = PBXGroup;
			children = (
				115D95A12B66B01F00BB80DE /* OTPViewModel.swift */,
			);
			path = "View Model";
			sourceTree = "<group>";
		};
		115D95A72B66B3F200BB80DE /* Model */ = {
			isa = PBXGroup;
			children = (
				113E4E382B6836280033375D /* OTPResetSuccessResponseModel.swift */,
				115D95A52B66B3EA00BB80DE /* OTPResponseModel.swift */,
				113E4E362B68356B0033375D /* OTPResetModel.swift */,
			);
			path = Model;
			sourceTree = "<group>";
		};
		1169DA462B6044D000AB32AE /* Header */ = {
			isa = PBXGroup;
			children = (
				1169DA472B60459700AB32AE /* CustomHeaderView.swift */,
			);
			path = Header;
			sourceTree = "<group>";
		};
		11708CFF2B63CA0000C8DB60 /* Zodiac sign Detail screen */ = {
			isa = PBXGroup;
			children = (
				11708CFD2B63C9FA00C8DB60 /* ZodiacSignDetailViewController.swift */,
			);
			path = "Zodiac sign Detail screen";
			sourceTree = "<group>";
		};
		11708D022B63CA7B00C8DB60 /* Year sign Detail screen */ = {
			isa = PBXGroup;
			children = (
				11708D002B63CA7600C8DB60 /* YearSignDetailViewController.swift */,
			);
			path = "Year sign Detail screen";
			sourceTree = "<group>";
		};
		11708D052B63CCC100C8DB60 /* Year and Zodiac signs collection screen */ = {
			isa = PBXGroup;
			children = (
				11708D062B63CD3500C8DB60 /* YearAndZodiacSignsViewController.swift */,
			);
			path = "Year and Zodiac signs collection screen";
			sourceTree = "<group>";
		};
		11708D0A2B63CE3A00C8DB60 /* Profile screen */ = {
			isa = PBXGroup;
			children = (
				11708D082B63CDA700C8DB60 /* ProfileViewController.swift */,
				11708D0B2B63D20E00C8DB60 /* UserInfoCell.swift */,
				11708D0F2B63D77900C8DB60 /* ZodiacAndYearSignAboutCell.swift */,
			);
			path = "Profile screen";
			sourceTree = "<group>";
		};
		11708D132B643BCF00C8DB60 /* UseCases */ = {
			isa = PBXGroup;
			children = (
				11708D142B643BF200C8DB60 /* RegisterUseCase.swift */,
				113014672B66EAEA0089E5D6 /* OTPUseCase.swift */,
				11DA41AE2B69658B00E07C63 /* LoginUseCase.swift */,
				1149952D2B6C407700F44962 /* UploadUseCase.swift */,
				11D7F16F2B6D0D30007ABDB0 /* CountriesUseCase.swift */,
				11FB140E2B6D110D004EB5CC /* CitiesUseCase.swift */,
				114956E82B715B1C003E41D4 /* HomeUseCase.swift */,
				11A95BE12B728CDF008BD9FF /* TarotListUseCase.swift */,
				1102AE7C2B72C7E800948EC3 /* TarotDetailUseCase.swift */,
			);
			path = UseCases;
			sourceTree = "<group>";
		};
		11708D182B646B2F00C8DB60 /* Model */ = {
			isa = PBXGroup;
			children = (
				11708D192B646B4700C8DB60 /* RegisterUserModel.swift */,
				11708D1F2B64710300C8DB60 /* RegisterOTPResponseModel.swift */,
			);
			path = Model;
			sourceTree = "<group>";
		};
		11708D1B2B646BB800C8DB60 /* View */ = {
			isa = PBXGroup;
			children = (
				110E838F2B5151110000D6D9 /* RegisterViewController.swift */,
			);
			path = View;
			sourceTree = "<group>";
		};
		11708D1C2B646BD500C8DB60 /* View Model */ = {
			isa = PBXGroup;
			children = (
				110E83912B5151300000D6D9 /* RegisterViewModel.swift */,
			);
			path = "View Model";
			sourceTree = "<group>";
		};
		1173B4882B630DE7005ED1C5 /* Tarot Detail screen */ = {
			isa = PBXGroup;
			children = (
				11A95BE72B729F6D008BD9FF /* View Model */,
				11A95BE62B729F67008BD9FF /* View */,
				11A95BE52B729F5F008BD9FF /* Model */,
			);
			path = "Tarot Detail screen";
			sourceTree = "<group>";
		};
		1179869C2B7186F2001EF473 /* Image */ = {
			isa = PBXGroup;
			children = (
				1179869D2B71872C001EF473 /* ImageViewExtension.swift */,
			);
			path = Image;
			sourceTree = "<group>";
		};
		118B9F7F2B7229FE0012AFD7 /* Home Detail screen */ = {
			isa = PBXGroup;
			children = (
				118B9F832B722C780012AFD7 /* View Model */,
				118B9F822B722C720012AFD7 /* View */,
			);
			path = "Home Detail screen";
			sourceTree = "<group>";
		};
		118B9F822B722C720012AFD7 /* View */ = {
			isa = PBXGroup;
			children = (
				118B9F802B722A5B0012AFD7 /* HomeDetailController.swift */,
			);
			path = View;
			sourceTree = "<group>";
		};
		118B9F832B722C780012AFD7 /* View Model */ = {
			isa = PBXGroup;
			children = (
				118B9F842B722C880012AFD7 /* HomeDetailViewModel.swift */,
			);
			path = "View Model";
			sourceTree = "<group>";
		};
		119BB3042B53DC7F006445FD /* Coordinator */ = {
			isa = PBXGroup;
			children = (
				119BB3052B53DC91006445FD /* CoordinatorProtocol.swift */,
				119BB3072B53DC9D006445FD /* MainCoordinator.swift */,
			);
			path = Coordinator;
			sourceTree = "<group>";
		};
		119BB3092B53DD74006445FD /* TabBar setup */ = {
			isa = PBXGroup;
			children = (
				119BB30A2B53DDFC006445FD /* TabBarController.swift */,
			);
			path = "TabBar setup";
			sourceTree = "<group>";
		};
		11A2418F2B5B217B000E2CEE /* Name screen */ = {
			isa = PBXGroup;
			children = (
				11F6D0E42B6FA957006837C5 /* View */,
				11F6D0E52B6FA960006837C5 /* View Model */,
			);
			path = "Name screen";
			sourceTree = "<group>";
		};
		11A241922B5B27A4000E2CEE /* Gender screen */ = {
			isa = PBXGroup;
			children = (
				114995282B6C3F3E00F44962 /* View */,
				114995292B6C3F4700F44962 /* View Model */,
			);
			path = "Gender screen";
			sourceTree = "<group>";
		};
		11A95BD82B728B12008BD9FF /* View */ = {
			isa = PBXGroup;
			children = (
				113932C62B5EF8DC00D402BA /* TarotViewController.swift */,
			);
			path = View;
			sourceTree = "<group>";
		};
		11A95BD92B728B24008BD9FF /* View Model */ = {
			isa = PBXGroup;
			children = (
				11A95BDF2B728C6F008BD9FF /* TarotViewModel.swift */,
			);
			path = "View Model";
			sourceTree = "<group>";
		};
		11A95BDE2B728BBB008BD9FF /* Model */ = {
			isa = PBXGroup;
			children = (
				11A95BDC2B728BAE008BD9FF /* TarotDataModel.swift */,
			);
			path = Model;
			sourceTree = "<group>";
		};
		11A95BE52B729F5F008BD9FF /* Model */ = {
			isa = PBXGroup;
			children = (
				1102AE7A2B72C08100948EC3 /* TarotDetailResponseModel.swift */,
			);
			path = Model;
			sourceTree = "<group>";
		};
		11A95BE62B729F67008BD9FF /* View */ = {
			isa = PBXGroup;
			children = (
				1173B4862B630DDA005ED1C5 /* TarotDetailViewController.swift */,
			);
			path = View;
			sourceTree = "<group>";
		};
		11A95BE72B729F6D008BD9FF /* View Model */ = {
			isa = PBXGroup;
			children = (
				11A95BE82B729F81008BD9FF /* TarotDetailViewModel.swift */,
			);
			path = "View Model";
			sourceTree = "<group>";
		};
		11D7F1732B6D0EEF007ABDB0 /* View Model */ = {
			isa = PBXGroup;
			children = (
				11D7F1742B6D0F09007ABDB0 /* BirthPlaceViewModel.swift */,
			);
			path = "View Model";
			sourceTree = "<group>";
		};
		11DA41A92B695FF100E07C63 /* View */ = {
			isa = PBXGroup;
			children = (
				110E83932B51514E0000D6D9 /* LoginViewController.swift */,
			);
			path = View;
			sourceTree = "<group>";
		};
		11DA41AA2B695FF900E07C63 /* View Model */ = {
			isa = PBXGroup;
			children = (
				110E83952B51515E0000D6D9 /* LoginViewModel.swift */,
			);
			path = "View Model";
			sourceTree = "<group>";
		};
		11DA41AB2B69600400E07C63 /* Model */ = {
			isa = PBXGroup;
			children = (
				11DA41AC2B69601100E07C63 /* LoginSuccessModel.swift */,
				11DA41B02B6965D200E07C63 /* LoginUserModel.swift */,
			);
			path = Model;
			sourceTree = "<group>";
		};
		11F6D0E42B6FA957006837C5 /* View */ = {
			isa = PBXGroup;
			children = (
				11A241902B5B2195000E2CEE /* NameViewController.swift */,
			);
			path = View;
			sourceTree = "<group>";
		};
		11F6D0E52B6FA960006837C5 /* View Model */ = {
			isa = PBXGroup;
			children = (
				11F6D0E22B6FA94A006837C5 /* NameViewModel.swift */,
			);
			path = "View Model";
			sourceTree = "<group>";
		};
		11F9BF482B5D92EC00F913F7 /* View Controller */ = {
			isa = PBXGroup;
			children = (
				11F9BF492B5D931D00F913F7 /* NavigationBackButton.swift */,
			);
			path = "View Controller";
			sourceTree = "<group>";
		};
/* End PBXGroup section */

/* Begin PBXNativeTarget section */
		110E83592B5146A70000D6D9 /* FallAppAtlProject */ = {
			isa = PBXNativeTarget;
			buildConfigurationList = 110E836E2B5146A80000D6D9 /* Build configuration list for PBXNativeTarget "FallAppAtlProject" */;
			buildPhases = (
				110E83562B5146A70000D6D9 /* Sources */,
				110E83572B5146A70000D6D9 /* Frameworks */,
				110E83582B5146A70000D6D9 /* Resources */,
			);
			buildRules = (
			);
			dependencies = (
			);
			name = FallAppAtlProject;
			packageProductDependencies = (
				110E83782B514DC20000D6D9 /* Alamofire */,
				110E837B2B514DD20000D6D9 /* SDWebImage */,
				110E837D2B514DD20000D6D9 /* SDWebImageMapKit */,
				110E83802B514DE30000D6D9 /* KeychainSwift */,
				110E83832B514DF50000D6D9 /* SnapKit */,
				110E83852B514DF50000D6D9 /* SnapKit-Dynamic */,
			);
			productName = FallAppAtlProject;
			productReference = 110E835A2B5146A70000D6D9 /* FallAppAtlProject.app */;
			productType = "com.apple.product-type.application";
		};
/* End PBXNativeTarget section */

/* Begin PBXProject section */
		110E83522B5146A70000D6D9 /* Project object */ = {
			isa = PBXProject;
			attributes = {
				BuildIndependentTargetsInParallel = 1;
				LastSwiftUpdateCheck = 1500;
				LastUpgradeCheck = 1500;
				TargetAttributes = {
					110E83592B5146A70000D6D9 = {
						CreatedOnToolsVersion = 15.0.1;
					};
				};
			};
			buildConfigurationList = 110E83552B5146A70000D6D9 /* Build configuration list for PBXProject "FallAppAtlProject" */;
			compatibilityVersion = "Xcode 14.0";
			developmentRegion = en;
			hasScannedForEncodings = 0;
			knownRegions = (
				en,
				Base,
			);
			mainGroup = 110E83512B5146A70000D6D9;
			packageReferences = (
				110E83772B514DC20000D6D9 /* XCRemoteSwiftPackageReference "Alamofire" */,
				110E837A2B514DD20000D6D9 /* XCRemoteSwiftPackageReference "SDWebImage" */,
				110E837F2B514DE30000D6D9 /* XCRemoteSwiftPackageReference "keychain-swift" */,
				110E83822B514DF50000D6D9 /* XCRemoteSwiftPackageReference "SnapKit" */,
			);
			productRefGroup = 110E835B2B5146A70000D6D9 /* Products */;
			projectDirPath = "";
			projectRoot = "";
			targets = (
				110E83592B5146A70000D6D9 /* FallAppAtlProject */,
			);
		};
/* End PBXProject section */

/* Begin PBXResourcesBuildPhase section */
		110E83582B5146A70000D6D9 /* Resources */ = {
			isa = PBXResourcesBuildPhase;
			buildActionMask = 2147483647;
			files = (
				110E836A2B5146A80000D6D9 /* LaunchScreen.storyboard in Resources */,
				110E83672B5146A80000D6D9 /* Assets.xcassets in Resources */,
				1106A5922B59C80A00DF7450 /* Roboto in Resources */,
			);
			runOnlyForDeploymentPostprocessing = 0;
		};
/* End PBXResourcesBuildPhase section */

/* Begin PBXSourcesBuildPhase section */
		110E83562B5146A70000D6D9 /* Sources */ = {
			isa = PBXSourcesBuildPhase;
			buildActionMask = 2147483647;
			files = (
				1149952E2B6C407700F44962 /* UploadUseCase.swift in Sources */,
				11A95BDD2B728BAE008BD9FF /* TarotDataModel.swift in Sources */,
				11D7F1702B6D0D30007ABDB0 /* CountriesUseCase.swift in Sources */,
				11FB140F2B6D110D004EB5CC /* CitiesUseCase.swift in Sources */,
				110E83762B514DAD0000D6D9 /* Network Helper.swift in Sources */,
				1106A5982B59CEF900DF7450 /* BirthPlaceViewController.swift in Sources */,
				11708D0C2B63D20E00C8DB60 /* UserInfoCell.swift in Sources */,
				116582A92B6AB22700EF7268 /* UploadEndpoint.swift in Sources */,
				113F9C9F2B5D23180069CCC2 /* ColorExtension.swift in Sources */,
				119BB3062B53DC91006445FD /* CoordinatorProtocol.swift in Sources */,
				11F6D0E12B6F9D8D006837C5 /* BirthdayViewModel.swift in Sources */,
				11A2418C2B5B1475000E2CEE /* BirtdayViewControllerExtension.swift in Sources */,
				110E83922B5151300000D6D9 /* RegisterViewModel.swift in Sources */,
				1156FF2E2B64F7BB00452019 /* ErrorModel.swift in Sources */,
				110E83742B514D9E0000D6D9 /* Network Manager.swift in Sources */,
				111EA13C2B6D0AF7002ACF7A /* CityEndpoint.swift in Sources */,
				11708CFE2B63C9FA00C8DB60 /* ZodiacSignDetailViewController.swift in Sources */,
				119BB3082B53DC9D006445FD /* MainCoordinator.swift in Sources */,
				11708D202B64710300C8DB60 /* RegisterOTPResponseModel.swift in Sources */,
				1106A5902B59C67000DF7450 /* BirthdayViewController.swift in Sources */,
				11A95BE22B728CDF008BD9FF /* TarotListUseCase.swift in Sources */,
				1156FF312B65115900452019 /* ProgressBar.swift in Sources */,
				11DA41AF2B69658B00E07C63 /* LoginUseCase.swift in Sources */,
				113F9CAB2B5D4AFE0069CCC2 /* LeftImageRightLabelCell.swift in Sources */,
				111EA1382B6D08DC002ACF7A /* CountryModel.swift in Sources */,
				1102AE7D2B72C7E800948EC3 /* TarotDetailUseCase.swift in Sources */,
				113F9C9A2B5D204B0069CCC2 /* FontExtension.swift in Sources */,
				113014682B66EAEA0089E5D6 /* OTPUseCase.swift in Sources */,
				11D7F1752B6D0F09007ABDB0 /* BirthPlaceViewModel.swift in Sources */,
				113F9CA92B5D3F430069CCC2 /* HomeViewController.swift in Sources */,
				11A241912B5B2195000E2CEE /* NameViewController.swift in Sources */,
				118B9F812B722A5B0012AFD7 /* HomeDetailController.swift in Sources */,
				11708D1A2B646B4700C8DB60 /* RegisterUserModel.swift in Sources */,
				11A95BEB2B72A045008BD9FF /* TarotDetailEndpoint.swift in Sources */,
				11708D042B63CB7900C8DB60 /* RegisterEndpoint.swift in Sources */,
				113F9CA22B5D2E690069CCC2 /* OTPViewController.swift in Sources */,
				11D7F1722B6D0E71007ABDB0 /* CountriesManager.swift in Sources */,
				11A95BD72B7264AC008BD9FF /* RefreshTokenEndpoint.swift in Sources */,
				1169DA482B60459700AB32AE /* CustomHeaderView.swift in Sources */,
				114FCB4A2B6E6A1500D492F2 /* ZodiacSignInfoController.swift in Sources */,
				11708D1E2B646C5F00C8DB60 /* RegisterManager.swift in Sources */,
				11A241942B5B2859000E2CEE /* GenderViewController.swift in Sources */,
				114995302B6C432900F44962 /* UploadManager.swift in Sources */,
				114956F42B715E41003E41D4 /* HomeViewModel.swift in Sources */,
				1106A5952B59CA9C00DF7450 /* ReusableButton.swift in Sources */,
				114956EE2B715B97003E41D4 /* HomeSuccessModel.swift in Sources */,
				110E83942B51514E0000D6D9 /* LoginViewController.swift in Sources */,
				11F9BF4A2B5D931D00F913F7 /* NavigationBackButton.swift in Sources */,
				1179869E2B71872C001EF473 /* ImageViewExtension.swift in Sources */,
				113014662B66EACD0089E5D6 /* OTPManager.swift in Sources */,
				113E4E372B68356B0033375D /* OTPResetModel.swift in Sources */,
				110E83902B5151110000D6D9 /* RegisterViewController.swift in Sources */,
				11F6D0E32B6FA94A006837C5 /* NameViewModel.swift in Sources */,
				11A95BDB2B728B4A008BD9FF /* TarotEndpoint.swift in Sources */,
				11708D012B63CA7600C8DB60 /* YearSignDetailViewController.swift in Sources */,
				111EA13A2B6D0AC5002ACF7A /* CountryEndpoint.swift in Sources */,
				110E835E2B5146A70000D6D9 /* AppDelegate.swift in Sources */,
				11FB14132B6D1174004EB5CC /* CityModel.swift in Sources */,
				11708D102B63D77900C8DB60 /* ZodiacAndYearSignAboutCell.swift in Sources */,
				114FCB4E2B6E6EFF00D492F2 /* ZodiacSignInfiViewModel.swift in Sources */,
				11DA41B32B69668800E07C63 /* LoginManager.swift in Sources */,
				1173B4872B630DDA005ED1C5 /* TarotDetailViewController.swift in Sources */,
				11DA41AD2B69601100E07C63 /* LoginSuccessModel.swift in Sources */,
				114956F02B715D33003E41D4 /* HomeManager.swift in Sources */,
				1173B48A2B631038005ED1C5 /* DetailCell.swift in Sources */,
				11FB14112B6D1134004EB5CC /* CityManager.swift in Sources */,
				11A95BD32B725C3E008BD9FF /* RefreshTokenModel.swift in Sources */,
				11A2418E2B5B1A6E000E2CEE /* Reusable View.swift in Sources */,
				11A95BE42B728D30008BD9FF /* TarotListManager.swift in Sources */,
				11A95BE02B728C6F008BD9FF /* TarotViewModel.swift in Sources */,
				113E4E392B6836280033375D /* OTPResetSuccessResponseModel.swift in Sources */,
				11DA41B12B6965D200E07C63 /* LoginUserModel.swift in Sources */,
				115D95A62B66B3EA00BB80DE /* OTPResponseModel.swift in Sources */,
				11708D152B643BF200C8DB60 /* RegisterUseCase.swift in Sources */,
				114995272B6C3AFB00F44962 /* GenderViewModel.swift in Sources */,
				11708D122B643A6600C8DB60 /* LoginEndpoint.swift in Sources */,
				11708D092B63CDA700C8DB60 /* ProfileViewController.swift in Sources */,
				119BB30B2B53DDFC006445FD /* TabBarController.swift in Sources */,
				114956E92B715B1C003E41D4 /* HomeUseCase.swift in Sources */,
				1102AE7F2B72C87700948EC3 /* TarotDetailManager.swift in Sources */,
				110E83602B5146A70000D6D9 /* SceneDelegate.swift in Sources */,
				1156FF342B65143F00452019 /* ProgressBarManager.swift in Sources */,
				11A8ACA12B6D0220008930A4 /* UploadUserSuccessModel.swift in Sources */,
				11A95BE92B729F81008BD9FF /* TarotDetailViewModel.swift in Sources */,
				1102AE7B2B72C08100948EC3 /* TarotDetailResponseModel.swift in Sources */,
				110E83962B51515E0000D6D9 /* LoginViewModel.swift in Sources */,
				114956F22B715DC8003E41D4 /* HomeEndpoint.swift in Sources */,
				113F9C9D2B5D22D40069CCC2 /* ColorEnum.swift in Sources */,
				1149952C2B6C3FC100F44962 /* UploadUserDataModel.swift in Sources */,
				113932C72B5EF8DC00D402BA /* TarotViewController.swift in Sources */,
				113932C92B5EFA5000D402BA /* OnlyImageCell.swift in Sources */,
				115D95A22B66B01F00BB80DE /* OTPViewModel.swift in Sources */,
				118B9F852B722C880012AFD7 /* HomeDetailViewModel.swift in Sources */,
				113F9CA52B5D39ED0069CCC2 /* UserInfoBuilder.swift in Sources */,
				113F9C962B5D1C2D0069CCC2 /* RobotoFont.swift in Sources */,
				11708D072B63CD3500C8DB60 /* YearAndZodiacSignsViewController.swift in Sources */,
				11A95BD52B726313008BD9FF /* RefreshTokenSuccessModel.swift in Sources */,
			);
			runOnlyForDeploymentPostprocessing = 0;
		};
/* End PBXSourcesBuildPhase section */

/* Begin PBXVariantGroup section */
		110E83682B5146A80000D6D9 /* LaunchScreen.storyboard */ = {
			isa = PBXVariantGroup;
			children = (
				110E83692B5146A80000D6D9 /* Base */,
			);
			name = LaunchScreen.storyboard;
			sourceTree = "<group>";
		};
/* End PBXVariantGroup section */

/* Begin XCBuildConfiguration section */
		110E836C2B5146A80000D6D9 /* Debug */ = {
			isa = XCBuildConfiguration;
			buildSettings = {
				ALWAYS_SEARCH_USER_PATHS = NO;
				ASSETCATALOG_COMPILER_GENERATE_SWIFT_ASSET_SYMBOL_EXTENSIONS = YES;
				CLANG_ANALYZER_NONNULL = YES;
				CLANG_ANALYZER_NUMBER_OBJECT_CONVERSION = YES_AGGRESSIVE;
				CLANG_CXX_LANGUAGE_STANDARD = "gnu++20";
				CLANG_ENABLE_MODULES = YES;
				CLANG_ENABLE_OBJC_ARC = YES;
				CLANG_ENABLE_OBJC_WEAK = YES;
				CLANG_WARN_BLOCK_CAPTURE_AUTORELEASING = YES;
				CLANG_WARN_BOOL_CONVERSION = YES;
				CLANG_WARN_COMMA = YES;
				CLANG_WARN_CONSTANT_CONVERSION = YES;
				CLANG_WARN_DEPRECATED_OBJC_IMPLEMENTATIONS = YES;
				CLANG_WARN_DIRECT_OBJC_ISA_USAGE = YES_ERROR;
				CLANG_WARN_DOCUMENTATION_COMMENTS = YES;
				CLANG_WARN_EMPTY_BODY = YES;
				CLANG_WARN_ENUM_CONVERSION = YES;
				CLANG_WARN_INFINITE_RECURSION = YES;
				CLANG_WARN_INT_CONVERSION = YES;
				CLANG_WARN_NON_LITERAL_NULL_CONVERSION = YES;
				CLANG_WARN_OBJC_IMPLICIT_RETAIN_SELF = YES;
				CLANG_WARN_OBJC_LITERAL_CONVERSION = YES;
				CLANG_WARN_OBJC_ROOT_CLASS = YES_ERROR;
				CLANG_WARN_QUOTED_INCLUDE_IN_FRAMEWORK_HEADER = YES;
				CLANG_WARN_RANGE_LOOP_ANALYSIS = YES;
				CLANG_WARN_STRICT_PROTOTYPES = YES;
				CLANG_WARN_SUSPICIOUS_MOVE = YES;
				CLANG_WARN_UNGUARDED_AVAILABILITY = YES_AGGRESSIVE;
				CLANG_WARN_UNREACHABLE_CODE = YES;
				CLANG_WARN__DUPLICATE_METHOD_MATCH = YES;
				COPY_PHASE_STRIP = NO;
				DEBUG_INFORMATION_FORMAT = dwarf;
				ENABLE_STRICT_OBJC_MSGSEND = YES;
				ENABLE_TESTABILITY = YES;
				ENABLE_USER_SCRIPT_SANDBOXING = YES;
				GCC_C_LANGUAGE_STANDARD = gnu17;
				GCC_DYNAMIC_NO_PIC = NO;
				GCC_NO_COMMON_BLOCKS = YES;
				GCC_OPTIMIZATION_LEVEL = 0;
				GCC_PREPROCESSOR_DEFINITIONS = (
					"DEBUG=1",
					"$(inherited)",
				);
				GCC_WARN_64_TO_32_BIT_CONVERSION = YES;
				GCC_WARN_ABOUT_RETURN_TYPE = YES_ERROR;
				GCC_WARN_UNDECLARED_SELECTOR = YES;
				GCC_WARN_UNINITIALIZED_AUTOS = YES_AGGRESSIVE;
				GCC_WARN_UNUSED_FUNCTION = YES;
				GCC_WARN_UNUSED_VARIABLE = YES;
				IPHONEOS_DEPLOYMENT_TARGET = 17.0;
				LOCALIZATION_PREFERS_STRING_CATALOGS = YES;
				MTL_ENABLE_DEBUG_INFO = INCLUDE_SOURCE;
				MTL_FAST_MATH = YES;
				ONLY_ACTIVE_ARCH = YES;
				SDKROOT = iphoneos;
				SWIFT_ACTIVE_COMPILATION_CONDITIONS = "DEBUG $(inherited)";
				SWIFT_OPTIMIZATION_LEVEL = "-Onone";
			};
			name = Debug;
		};
		110E836D2B5146A80000D6D9 /* Release */ = {
			isa = XCBuildConfiguration;
			buildSettings = {
				ALWAYS_SEARCH_USER_PATHS = NO;
				ASSETCATALOG_COMPILER_GENERATE_SWIFT_ASSET_SYMBOL_EXTENSIONS = YES;
				CLANG_ANALYZER_NONNULL = YES;
				CLANG_ANALYZER_NUMBER_OBJECT_CONVERSION = YES_AGGRESSIVE;
				CLANG_CXX_LANGUAGE_STANDARD = "gnu++20";
				CLANG_ENABLE_MODULES = YES;
				CLANG_ENABLE_OBJC_ARC = YES;
				CLANG_ENABLE_OBJC_WEAK = YES;
				CLANG_WARN_BLOCK_CAPTURE_AUTORELEASING = YES;
				CLANG_WARN_BOOL_CONVERSION = YES;
				CLANG_WARN_COMMA = YES;
				CLANG_WARN_CONSTANT_CONVERSION = YES;
				CLANG_WARN_DEPRECATED_OBJC_IMPLEMENTATIONS = YES;
				CLANG_WARN_DIRECT_OBJC_ISA_USAGE = YES_ERROR;
				CLANG_WARN_DOCUMENTATION_COMMENTS = YES;
				CLANG_WARN_EMPTY_BODY = YES;
				CLANG_WARN_ENUM_CONVERSION = YES;
				CLANG_WARN_INFINITE_RECURSION = YES;
				CLANG_WARN_INT_CONVERSION = YES;
				CLANG_WARN_NON_LITERAL_NULL_CONVERSION = YES;
				CLANG_WARN_OBJC_IMPLICIT_RETAIN_SELF = YES;
				CLANG_WARN_OBJC_LITERAL_CONVERSION = YES;
				CLANG_WARN_OBJC_ROOT_CLASS = YES_ERROR;
				CLANG_WARN_QUOTED_INCLUDE_IN_FRAMEWORK_HEADER = YES;
				CLANG_WARN_RANGE_LOOP_ANALYSIS = YES;
				CLANG_WARN_STRICT_PROTOTYPES = YES;
				CLANG_WARN_SUSPICIOUS_MOVE = YES;
				CLANG_WARN_UNGUARDED_AVAILABILITY = YES_AGGRESSIVE;
				CLANG_WARN_UNREACHABLE_CODE = YES;
				CLANG_WARN__DUPLICATE_METHOD_MATCH = YES;
				COPY_PHASE_STRIP = NO;
				DEBUG_INFORMATION_FORMAT = "dwarf-with-dsym";
				ENABLE_NS_ASSERTIONS = NO;
				ENABLE_STRICT_OBJC_MSGSEND = YES;
				ENABLE_USER_SCRIPT_SANDBOXING = YES;
				GCC_C_LANGUAGE_STANDARD = gnu17;
				GCC_NO_COMMON_BLOCKS = YES;
				GCC_WARN_64_TO_32_BIT_CONVERSION = YES;
				GCC_WARN_ABOUT_RETURN_TYPE = YES_ERROR;
				GCC_WARN_UNDECLARED_SELECTOR = YES;
				GCC_WARN_UNINITIALIZED_AUTOS = YES_AGGRESSIVE;
				GCC_WARN_UNUSED_FUNCTION = YES;
				GCC_WARN_UNUSED_VARIABLE = YES;
				IPHONEOS_DEPLOYMENT_TARGET = 17.0;
				LOCALIZATION_PREFERS_STRING_CATALOGS = YES;
				MTL_ENABLE_DEBUG_INFO = NO;
				MTL_FAST_MATH = YES;
				SDKROOT = iphoneos;
				SWIFT_COMPILATION_MODE = wholemodule;
				VALIDATE_PRODUCT = YES;
			};
			name = Release;
		};
		110E836F2B5146A80000D6D9 /* Debug */ = {
			isa = XCBuildConfiguration;
			buildSettings = {
				ASSETCATALOG_COMPILER_APPICON_NAME = AppIcon;
				ASSETCATALOG_COMPILER_GLOBAL_ACCENT_COLOR_NAME = AccentColor;
				CODE_SIGN_STYLE = Automatic;
				CURRENT_PROJECT_VERSION = 1;
				GENERATE_INFOPLIST_FILE = YES;
				INFOPLIST_FILE = FallAppAtlProject/Info.plist;
				INFOPLIST_KEY_UIApplicationSupportsIndirectInputEvents = YES;
				INFOPLIST_KEY_UILaunchStoryboardName = LaunchScreen;
				INFOPLIST_KEY_UISupportedInterfaceOrientations_iPad = "UIInterfaceOrientationPortrait UIInterfaceOrientationPortraitUpsideDown UIInterfaceOrientationLandscapeLeft UIInterfaceOrientationLandscapeRight";
				INFOPLIST_KEY_UISupportedInterfaceOrientations_iPhone = "UIInterfaceOrientationPortrait UIInterfaceOrientationLandscapeLeft UIInterfaceOrientationLandscapeRight";
				LD_RUNPATH_SEARCH_PATHS = (
					"$(inherited)",
					"@executable_path/Frameworks",
				);
				MARKETING_VERSION = 1.0;
				PRODUCT_BUNDLE_IDENTIFIER = Com.Ayan.FallAppAtlProject;
				PRODUCT_NAME = "$(TARGET_NAME)";
				SWIFT_EMIT_LOC_STRINGS = YES;
				SWIFT_VERSION = 5.0;
				TARGETED_DEVICE_FAMILY = "1,2";
			};
			name = Debug;
		};
		110E83702B5146A80000D6D9 /* Release */ = {
			isa = XCBuildConfiguration;
			buildSettings = {
				ASSETCATALOG_COMPILER_APPICON_NAME = AppIcon;
				ASSETCATALOG_COMPILER_GLOBAL_ACCENT_COLOR_NAME = AccentColor;
				CODE_SIGN_STYLE = Automatic;
				CURRENT_PROJECT_VERSION = 1;
				GENERATE_INFOPLIST_FILE = YES;
				INFOPLIST_FILE = FallAppAtlProject/Info.plist;
				INFOPLIST_KEY_UIApplicationSupportsIndirectInputEvents = YES;
				INFOPLIST_KEY_UILaunchStoryboardName = LaunchScreen;
				INFOPLIST_KEY_UISupportedInterfaceOrientations_iPad = "UIInterfaceOrientationPortrait UIInterfaceOrientationPortraitUpsideDown UIInterfaceOrientationLandscapeLeft UIInterfaceOrientationLandscapeRight";
				INFOPLIST_KEY_UISupportedInterfaceOrientations_iPhone = "UIInterfaceOrientationPortrait UIInterfaceOrientationLandscapeLeft UIInterfaceOrientationLandscapeRight";
				LD_RUNPATH_SEARCH_PATHS = (
					"$(inherited)",
					"@executable_path/Frameworks",
				);
				MARKETING_VERSION = 1.0;
				PRODUCT_BUNDLE_IDENTIFIER = Com.Ayan.FallAppAtlProject;
				PRODUCT_NAME = "$(TARGET_NAME)";
				SWIFT_EMIT_LOC_STRINGS = YES;
				SWIFT_VERSION = 5.0;
				TARGETED_DEVICE_FAMILY = "1,2";
			};
			name = Release;
		};
/* End XCBuildConfiguration section */

/* Begin XCConfigurationList section */
		110E83552B5146A70000D6D9 /* Build configuration list for PBXProject "FallAppAtlProject" */ = {
			isa = XCConfigurationList;
			buildConfigurations = (
				110E836C2B5146A80000D6D9 /* Debug */,
				110E836D2B5146A80000D6D9 /* Release */,
			);
			defaultConfigurationIsVisible = 0;
			defaultConfigurationName = Release;
		};
		110E836E2B5146A80000D6D9 /* Build configuration list for PBXNativeTarget "FallAppAtlProject" */ = {
			isa = XCConfigurationList;
			buildConfigurations = (
				110E836F2B5146A80000D6D9 /* Debug */,
				110E83702B5146A80000D6D9 /* Release */,
			);
			defaultConfigurationIsVisible = 0;
			defaultConfigurationName = Release;
		};
/* End XCConfigurationList section */

/* Begin XCRemoteSwiftPackageReference section */
		110E83772B514DC20000D6D9 /* XCRemoteSwiftPackageReference "Alamofire" */ = {
			isa = XCRemoteSwiftPackageReference;
			repositoryURL = "https://github.com/Alamofire/Alamofire.git";
			requirement = {
				kind = upToNextMajorVersion;
				minimumVersion = 5.8.1;
			};
		};
		110E837A2B514DD20000D6D9 /* XCRemoteSwiftPackageReference "SDWebImage" */ = {
			isa = XCRemoteSwiftPackageReference;
			repositoryURL = "https://github.com/SDWebImage/SDWebImage.git";
			requirement = {
				kind = upToNextMajorVersion;
				minimumVersion = 5.18.10;
			};
		};
		110E837F2B514DE30000D6D9 /* XCRemoteSwiftPackageReference "keychain-swift" */ = {
			isa = XCRemoteSwiftPackageReference;
			repositoryURL = "https://github.com/evgenyneu/keychain-swift.git";
			requirement = {
				kind = upToNextMajorVersion;
				minimumVersion = 20.0.0;
			};
		};
		110E83822B514DF50000D6D9 /* XCRemoteSwiftPackageReference "SnapKit" */ = {
			isa = XCRemoteSwiftPackageReference;
			repositoryURL = "https://github.com/SnapKit/SnapKit.git";
			requirement = {
				kind = upToNextMajorVersion;
				minimumVersion = 5.7.0;
			};
		};
/* End XCRemoteSwiftPackageReference section */

/* Begin XCSwiftPackageProductDependency section */
		110E83782B514DC20000D6D9 /* Alamofire */ = {
			isa = XCSwiftPackageProductDependency;
			package = 110E83772B514DC20000D6D9 /* XCRemoteSwiftPackageReference "Alamofire" */;
			productName = Alamofire;
		};
		110E837B2B514DD20000D6D9 /* SDWebImage */ = {
			isa = XCSwiftPackageProductDependency;
			package = 110E837A2B514DD20000D6D9 /* XCRemoteSwiftPackageReference "SDWebImage" */;
			productName = SDWebImage;
		};
		110E837D2B514DD20000D6D9 /* SDWebImageMapKit */ = {
			isa = XCSwiftPackageProductDependency;
			package = 110E837A2B514DD20000D6D9 /* XCRemoteSwiftPackageReference "SDWebImage" */;
			productName = SDWebImageMapKit;
		};
		110E83802B514DE30000D6D9 /* KeychainSwift */ = {
			isa = XCSwiftPackageProductDependency;
			package = 110E837F2B514DE30000D6D9 /* XCRemoteSwiftPackageReference "keychain-swift" */;
			productName = KeychainSwift;
		};
		110E83832B514DF50000D6D9 /* SnapKit */ = {
			isa = XCSwiftPackageProductDependency;
			package = 110E83822B514DF50000D6D9 /* XCRemoteSwiftPackageReference "SnapKit" */;
			productName = SnapKit;
		};
		110E83852B514DF50000D6D9 /* SnapKit-Dynamic */ = {
			isa = XCSwiftPackageProductDependency;
			package = 110E83822B514DF50000D6D9 /* XCRemoteSwiftPackageReference "SnapKit" */;
			productName = "SnapKit-Dynamic";
		};
/* End XCSwiftPackageProductDependency section */
	};
	rootObject = 110E83522B5146A70000D6D9 /* Project object */;
}
